
Microsoft Visual Studio Solution File, Format Version 12.00
# Visual Studio Version 16
VisualStudioVersion = 16.0.30523.141
MinimumVisualStudioVersion = 10.0.40219.1
Project("{FAE04EC0-301F-11D3-BF4B-00C04F79EFBC}") = "PR6", "PR6.csproj", "{EB382FE5-C906-437D-B99A-90150CE2DDFF}"
EndProject
Global
	GlobalSection(SolutionConfigurationPlatforms) = preSolution
		Debug|Any CPU = Debug|Any CPU
		Release|Any CPU = Release|Any CPU
	EndGlobalSection
	GlobalSection(ProjectConfigurationPlatforms) = postSolution
		{EB382FE5-C906-437D-B99A-90150CE2DDFF}.Debug|Any CPU.ActiveCfg = Debug|Any CPU
		{EB382FE5-C906-437D-B99A-90150CE2DDFF}.Debug|Any CPU.Build.0 = Debug|Any CPU
		{EB382FE5-C906-437D-B99A-90150CE2DDFF}.Release|Any CPU.ActiveCfg = Release|Any CPU
		{EB382FE5-C906-437D-B99A-90150CE2DDFF}.Release|Any CPU.Build.0 = Release|Any CPU
	EndGlobalSection
	GlobalSection(SolutionProperties) = preSolution
		HideSolutionNode = FALSE
	EndGlobalSection
	GlobalSection(ExtensibilityGlobals) = postSolution
		SolutionGuid = {21593F44-08F0-4F3B-A795-BAF8020C70A1}
	EndGlobalSection
EndGlobal
